// !$*UTF8*$!
{
	archiveVersion = 1;
	classes = {
	};
	objectVersion = 46;
	objects = {

/* Begin PBXBuildFile section */
		842D6D7A1E6D3C6500A2DFDD /* EmotionsViewController.swift in Sources */ = {isa = PBXBuildFile; fileRef = 842D6D791E6D3C6500A2DFDD /* EmotionsViewController.swift */; };
		842D6D7C1E6D643600A2DFDD /* VCLLoggingViewController.swift in Sources */ = {isa = PBXBuildFile; fileRef = 842D6D7B1E6D643600A2DFDD /* VCLLoggingViewController.swift */; };
		84F92F3F1E603782008EEBA1 /* AppDelegate.swift in Sources */ = {isa = PBXBuildFile; fileRef = 84F92F3E1E603782008EEBA1 /* AppDelegate.swift */; };
		84F92F411E603782008EEBA1 /* FaceViewController.swift in Sources */ = {isa = PBXBuildFile; fileRef = 84F92F401E603782008EEBA1 /* FaceViewController.swift */; };
		84F92F441E603782008EEBA1 /* Main.storyboard in Resources */ = {isa = PBXBuildFile; fileRef = 84F92F421E603782008EEBA1 /* Main.storyboard */; };
		84F92F461E603782008EEBA1 /* Assets.xcassets in Resources */ = {isa = PBXBuildFile; fileRef = 84F92F451E603782008EEBA1 /* Assets.xcassets */; };
		84F92F491E603782008EEBA1 /* LaunchScreen.storyboard in Resources */ = {isa = PBXBuildFile; fileRef = 84F92F471E603782008EEBA1 /* LaunchScreen.storyboard */; };
		84F92F521E603995008EEBA1 /* FaceView.swift in Sources */ = {isa = PBXBuildFile; fileRef = 84F92F511E603995008EEBA1 /* FaceView.swift */; };
		84F92F541E612932008EEBA1 /* FacialExpression.swift in Sources */ = {isa = PBXBuildFile; fileRef = 84F92F531E612932008EEBA1 /* FacialExpression.swift */; };
/* End PBXBuildFile section */

/* Begin PBXFileReference section */
		842D6D791E6D3C6500A2DFDD /* EmotionsViewController.swift */ = {isa = PBXFileReference; fileEncoding = 4; lastKnownFileType = sourcecode.swift; path = EmotionsViewController.swift; sourceTree = "<group>"; };
		842D6D7B1E6D643600A2DFDD /* VCLLoggingViewController.swift */ = {isa = PBXFileReference; fileEncoding = 4; lastKnownFileType = sourcecode.swift; path = VCLLoggingViewController.swift; sourceTree = "<group>"; };
		84F92F3B1E603782008EEBA1 /* FaceIt.app */ = {isa = PBXFileReference; explicitFileType = wrapper.application; includeInIndex = 0; path = FaceIt.app; sourceTree = BUILT_PRODUCTS_DIR; };
		84F92F3E1E603782008EEBA1 /* AppDelegate.swift */ = {isa = PBXFileReference; lastKnownFileType = sourcecode.swift; path = AppDelegate.swift; sourceTree = "<group>"; };
		84F92F401E603782008EEBA1 /* FaceViewController.swift */ = {isa = PBXFileReference; lastKnownFileType = sourcecode.swift; path = FaceViewController.swift; sourceTree = "<group>"; };
		84F92F431E603782008EEBA1 /* Base */ = {isa = PBXFileReference; lastKnownFileType = file.storyboard; name = Base; path = Base.lproj/Main.storyboard; sourceTree = "<group>"; };
		84F92F451E603782008EEBA1 /* Assets.xcassets */ = {isa = PBXFileReference; lastKnownFileType = folder.assetcatalog; path = Assets.xcassets; sourceTree = "<group>"; };
		84F92F481E603782008EEBA1 /* Base */ = {isa = PBXFileReference; lastKnownFileType = file.storyboard; name = Base; path = Base.lproj/LaunchScreen.storyboard; sourceTree = "<group>"; };
		84F92F4A1E603782008EEBA1 /* Info.plist */ = {isa = PBXFileReference; lastKnownFileType = text.plist.xml; path = Info.plist; sourceTree = "<group>"; };
		84F92F511E603995008EEBA1 /* FaceView.swift */ = {isa = PBXFileReference; fileEncoding = 4; lastKnownFileType = sourcecode.swift; path = FaceView.swift; sourceTree = "<group>"; };
		84F92F531E612932008EEBA1 /* FacialExpression.swift */ = {isa = PBXFileReference; fileEncoding = 4; lastKnownFileType = sourcecode.swift; path = FacialExpression.swift; sourceTree = "<group>"; };
/* End PBXFileReference section */

/* Begin PBXFrameworksBuildPhase section */
		84F92F381E603782008EEBA1 /* Frameworks */ = {
			isa = PBXFrameworksBuildPhase;
			buildActionMask = 2147483647;
			files = (
			);
			runOnlyForDeploymentPostprocessing = 0;
		};
/* End PBXFrameworksBuildPhase section */

/* Begin PBXGroup section */
		84F92F321E603782008EEBA1 = {
			isa = PBXGroup;
			children = (
				84F92F3D1E603782008EEBA1 /* FaceIt */,
				84F92F3C1E603782008EEBA1 /* Products */,
			);
			sourceTree = "<group>";
		};
		84F92F3C1E603782008EEBA1 /* Products */ = {
			isa = PBXGroup;
			children = (
				84F92F3B1E603782008EEBA1 /* FaceIt.app */,
			);
			name = Products;
			sourceTree = "<group>";
		};
		84F92F3D1E603782008EEBA1 /* FaceIt */ = {
			isa = PBXGroup;
			children = (
				84F92F511E603995008EEBA1 /* FaceView.swift */,
				84F92F421E603782008EEBA1 /* Main.storyboard */,
				84F92F531E612932008EEBA1 /* FacialExpression.swift */,
				84F92F401E603782008EEBA1 /* FaceViewController.swift */,
				842D6D791E6D3C6500A2DFDD /* EmotionsViewController.swift */,
				842D6D7B1E6D643600A2DFDD /* VCLLoggingViewController.swift */,
				84F92F501E603796008EEBA1 /* Supporting Files */,
			);
			path = FaceIt;
			sourceTree = "<group>";
		};
		84F92F501E603796008EEBA1 /* Supporting Files */ = {
			isa = PBXGroup;
			children = (
				84F92F3E1E603782008EEBA1 /* AppDelegate.swift */,
				84F92F451E603782008EEBA1 /* Assets.xcassets */,
				84F92F471E603782008EEBA1 /* LaunchScreen.storyboard */,
				84F92F4A1E603782008EEBA1 /* Info.plist */,
			);
			name = "Supporting Files";
			sourceTree = "<group>";
		};
/* End PBXGroup section */

/* Begin PBXNativeTarget section */
		84F92F3A1E603782008EEBA1 /* FaceIt */ = {
			isa = PBXNativeTarget;
			buildConfigurationList = 84F92F4D1E603782008EEBA1 /* Build configuration list for PBXNativeTarget "FaceIt" */;
			buildPhases = (
				84F92F371E603782008EEBA1 /* Sources */,
				84F92F381E603782008EEBA1 /* Frameworks */,
				84F92F391E603782008EEBA1 /* Resources */,
			);
			buildRules = (
			);
			dependencies = (
			);
			name = FaceIt;
			productName = FaceIt;
			productReference = 84F92F3B1E603782008EEBA1 /* FaceIt.app */;
			productType = "com.apple.product-type.application";
		};
/* End PBXNativeTarget section */

/* Begin PBXProject section */
		84F92F331E603782008EEBA1 /* Project object */ = {
			isa = PBXProject;
			attributes = {
				LastSwiftUpdateCheck = 0820;
				LastUpgradeCheck = 0820;
				ORGANIZATIONNAME = "买明";
				TargetAttributes = {
					84F92F3A1E603782008EEBA1 = {
						CreatedOnToolsVersion = 8.2.1;
						DevelopmentTeam = LEG7CXMPKJ;
						ProvisioningStyle = Automatic;
					};
				};
			};
			buildConfigurationList = 84F92F361E603782008EEBA1 /* Build configuration list for PBXProject "FaceIt" */;
			compatibilityVersion = "Xcode 3.2";
			developmentRegion = English;
			hasScannedForEncodings = 0;
			knownRegions = (
				en,
				Base,
			);
			mainGroup = 84F92F321E603782008EEBA1;
			productRefGroup = 84F92F3C1E603782008EEBA1 /* Products */;
			projectDirPath = "";
			projectRoot = "";
			targets = (
				84F92F3A1E603782008EEBA1 /* FaceIt */,
			);
		};
/* End PBXProject section */

/* Begin PBXResourcesBuildPhase section */
		84F92F391E603782008EEBA1 /* Resources */ = {
			isa = PBXResourcesBuildPhase;
			buildActionMask = 2147483647;
			files = (
				84F92F491E603782008EEBA1 /* LaunchScreen.storyboard in Resources */,
				84F92F461E603782008EEBA1 /* Assets.xcassets in Resources */,
				84F92F441E603782008EEBA1 /* Main.storyboard in Resources */,
			);
			runOnlyForDeploymentPostprocessing = 0;
		};
/* End PBXResourcesBuildPhase section */

/* Begin PBXSourcesBuildPhase section */
		84F92F371E603782008EEBA1 /* Sources */ = {
			isa = PBXSourcesBuildPhase;
			buildActionMask = 2147483647;
			files = (
				842D6D7C1E6D643600A2DFDD /* VCLLoggingViewController.swift in Sources */,
				84F92F411E603782008EEBA1 /* FaceViewController.swift in Sources */,
				84F92F541E612932008EEBA1 /* FacialExpression.swift in Sources */,
				842D6D7A1E6D3C6500A2DFDD /* EmotionsViewController.swift in Sources */,
				84F92F3F1E603782008EEBA1 /* AppDelegate.swift in Sources */,
				84F92F521E603995008EEBA1 /* FaceView.swift in Sources */,
			);
			runOnlyForDeploymentPostprocessing = 0;
		};
/* End PBXSourcesBuildPhase section */

/* Begin PBXVariantGroup section */
		84F92F421E603782008EEBA1 /* Main.storyboard */ = {
			isa = PBXVariantGroup;
			children = (
				84F92F431E603782008EEBA1 /* Base */,
			);
			name = Main.storyboard;
			sourceTree = "<group>";
		};
		84F92F471E603782008EEBA1 /* LaunchScreen.storyboard */ = {
			isa = PBXVariantGroup;
			children = (
				84F92F481E603782008EEBA1 /* Base */,
			);
			name = LaunchScreen.storyboard;
			sourceTree = "<group>";
		};
/* End PBXVariantGroup section */

/* Begin XCBuildConfiguration section */
		84F92F4B1E603782008EEBA1 /* Debug */ = {
			isa = XCBuildConfiguration;
			buildSettings = {
				ALWAYS_SEARCH_USER_PATHS = NO;
				CLANG_ANALYZER_NONNULL = YES;
				CLANG_CXX_LANGUAGE_STANDARD = "gnu++0x";
				CLANG_CXX_LIBRARY = "libc++";
				CLANG_ENABLE_MODULES = YES;
				CLANG_ENABLE_OBJC_ARC = YES;
				CLANG_WARN_BOOL_CONVERSION = YES;
				CLANG_WARN_CONSTANT_CONVERSION = YES;
				CLANG_WARN_DIRECT_OBJC_ISA_USAGE = YES_ERROR;
				CLANG_WARN_DOCUMENTATION_COMMENTS = YES;
				CLANG_WARN_EMPTY_BODY = YES;
				CLANG_WARN_ENUM_CONVERSION = YES;
				CLANG_WARN_INFINITE_RECURSION = YES;
				CLANG_WARN_INT_CONVERSION = YES;
				CLANG_WARN_OBJC_ROOT_CLASS = YES_ERROR;
				CLANG_WARN_SUSPICIOUS_MOVE = YES;
				CLANG_WARN_UNREACHABLE_CODE = YES;
				CLANG_WARN__DUPLICATE_METHOD_MATCH = YES;
				"CODE_SIGN_IDENTITY[sdk=iphoneos*]" = "iPhone Developer";
				COPY_PHASE_STRIP = NO;
				DEBUG_INFORMATION_FORMAT = dwarf;
				ENABLE_STRICT_OBJC_MSGSEND = YES;
				ENABLE_TESTABILITY = YES;
				GCC_C_LANGUAGE_STANDARD = gnu99;
				GCC_DYNAMIC_NO_PIC = NO;
				GCC_NO_COMMON_BLOCKS = YES;
				GCC_OPTIMIZATION_LEVEL = 0;
				GCC_PREPROCESSOR_DEFINITIONS = (
					"DEBUG=1",
					"$(inherited)",
				);
				GCC_WARN_64_TO_32_BIT_CONVERSION = YES;
				GCC_WARN_ABOUT_RETURN_TYPE = YES_ERROR;
				GCC_WARN_UNDECLARED_SELECTOR = YES;
				GCC_WARN_UNINITIALIZED_AUTOS = YES_AGGRESSIVE;
				GCC_WARN_UNUSED_FUNCTION = YES;
				GCC_WARN_UNUSED_VARIABLE = YES;
				IPHONEOS_DEPLOYMENT_TARGET = 10.2;
				MTL_ENABLE_DEBUG_INFO = YES;
				ONLY_ACTIVE_ARCH = YES;
				SDKROOT = iphoneos;
				SWIFT_ACTIVE_COMPILATION_CONDITIONS = DEBUG;
				SWIFT_OPTIMIZATION_LEVEL = "-Onone";
				TARGETED_DEVICE_FAMILY = "1,2";
			};
			name = Debug;
		};
		84F92F4C1E603782008EEBA1 /* Release */ = {
			isa = XCBuildConfiguration;
			buildSettings = {
				ALWAYS_SEARCH_USER_PATHS = NO;
				CLANG_ANALYZER_NONNULL = YES;
				CLANG_CXX_LANGUAGE_STANDARD = "gnu++0x";
				CLANG_CXX_LIBRARY = "libc++";
				CLANG_ENABLE_MODULES = YES;
				CLANG_ENABLE_OBJC_ARC = YES;
				CLANG_WARN_BOOL_CONVERSION = YES;
				CLANG_WARN_CONSTANT_CONVERSION = YES;
				CLANG_WARN_DIRECT_OBJC_ISA_USAGE = YES_ERROR;
				CLANG_WARN_DOCUMENTATION_COMMENTS = YES;
				CLANG_WARN_EMPTY_BODY = YES;
				CLANG_WARN_ENUM_CONVERSION = YES;
				CLANG_WARN_INFINITE_RECURSION = YES;
				CLANG_WARN_INT_CONVERSION = YES;
				CLANG_WARN_OBJC_ROOT_CLASS = YES_ERROR;
				CLANG_WARN_SUSPICIOUS_MOVE = YES;
				CLANG_WARN_UNREACHABLE_CODE = YES;
				CLANG_WARN__DUPLICATE_METHOD_MATCH = YES;
				"CODE_SIGN_IDENTITY[sdk=iphoneos*]" = "iPhone Developer";
				COPY_PHASE_STRIP = NO;
				DEBUG_INFORMATION_FORMAT = "dwarf-with-dsym";
				ENABLE_NS_ASSERTIONS = NO;
				ENABLE_STRICT_OBJC_MSGSEND = YES;
				GCC_C_LANGUAGE_STANDARD = gnu99;
				GCC_NO_COMMON_BLOCKS = YES;
				GCC_WARN_64_TO_32_BIT_CONVERSION = YES;
				GCC_WARN_ABOUT_RETURN_TYPE = YES_ERROR;
				GCC_WARN_UNDECLARED_SELECTOR = YES;
				GCC_WARN_UNINITIALIZED_AUTOS = YES_AGGRESSIVE;
				GCC_WARN_UNUSED_FUNCTION = YES;
				GCC_WARN_UNUSED_VARIABLE = YES;
				IPHONEOS_DEPLOYMENT_TARGET = 10.2;
				MTL_ENABLE_DEBUG_INFO = NO;
				SDKROOT = iphoneos;
				SWIFT_OPTIMIZATION_LEVEL = "-Owholemodule";
				TARGETED_DEVICE_FAMILY = "1,2";
				VALIDATE_PRODUCT = YES;
			};
			name = Release;
		};
		84F92F4E1E603782008EEBA1 /* Debug */ = {
			isa = XCBuildConfiguration;
			buildSettings = {
				ASSETCATALOG_COMPILER_APPICON_NAME = AppIcon;
				DEVELOPMENT_TEAM = LEG7CXMPKJ;
				INFOPLIST_FILE = FaceIt/Info.plist;
				LD_RUNPATH_SEARCH_PATHS = "$(inherited) @executable_path/Frameworks";
				PRODUCT_BUNDLE_IDENTIFIER = com.maimieng.FaceIt;
				PRODUCT_NAME = "$(TARGET_NAME)";
				SWIFT_VERSION = 3.0;
			};
			name = Debug;
		};
		84F92F4F1E603782008EEBA1 /* Release */ = {
			isa = XCBuildConfiguration;
			buildSettings = {
				ASSETCATALOG_COMPILER_APPICON_NAME = AppIcon;
				DEVELOPMENT_TEAM = LEG7CXMPKJ;
				INFOPLIST_FILE = FaceIt/Info.plist;
				LD_RUNPATH_SEARCH_PATHS = "$(inherited) @executable_path/Frameworks";
				PRODUCT_BUNDLE_IDENTIFIER = com.maimieng.FaceIt;
				PRODUCT_NAME = "$(TARGET_NAME)";
				SWIFT_VERSION = 3.0;
			};
			name = Release;
		};
/* End XCBuildConfiguration section */

/* Begin XCConfigurationList section */
		84F92F361E603782008EEBA1 /* Build configuration list for PBXProject "FaceIt" */ = {
			isa = XCConfigurationList;
			buildConfigurations = (
				84F92F4B1E603782008EEBA1 /* Debug */,
				84F92F4C1E603782008EEBA1 /* Release */,
			);
			defaultConfigurationIsVisible = 0;
			defaultConfigurationName = Release;
		};
		84F92F4D1E603782008EEBA1 /* Build configuration list for PBXNativeTarget "FaceIt" */ = {
			isa = XCConfigurationList;
			buildConfigurations = (
				84F92F4E1E603782008EEBA1 /* Debug */,
				84F92F4F1E603782008EEBA1 /* Release */,
			);
			defaultConfigurationIsVisible = 0;
			defaultConfigurationName = Release;
		};
/* End XCConfigurationList section */
	};
	rootObject = 84F92F331E603782008EEBA1 /* Project object */;
}
