// !$*UTF8*$!
{
	archiveVersion = 1;
	classes = {
	};
	objectVersion = 46;
	objects = {

/* Begin PBXBuildFile section */
		84CD41E81E778BAB008745FF /* AppDelegate.swift in Sources */ = {isa = PBXBuildFile; fileRef = 84CD41E71E778BAB008745FF /* AppDelegate.swift */; };
		84CD41EA1E778BAB008745FF /* ViewController.swift in Sources */ = {isa = PBXBuildFile; fileRef = 84CD41E91E778BAB008745FF /* ViewController.swift */; };
		84CD41ED1E778BAB008745FF /* Main.storyboard in Resources */ = {isa = PBXBuildFile; fileRef = 84CD41EB1E778BAB008745FF /* Main.storyboard */; };
		84CD41EF1E778BAB008745FF /* Assets.xcassets in Resources */ = {isa = PBXBuildFile; fileRef = 84CD41EE1E778BAB008745FF /* Assets.xcassets */; };
		84CD41F21E778BAB008745FF /* LaunchScreen.storyboard in Resources */ = {isa = PBXBuildFile; fileRef = 84CD41F01E778BAB008745FF /* LaunchScreen.storyboard */; };
		84CD41FA1E778C79008745FF /* MyTextField.swift in Sources */ = {isa = PBXBuildFile; fileRef = 84CD41F91E778C79008745FF /* MyTextField.swift */; };
/* End PBXBuildFile section */

/* Begin PBXFileReference section */
		84CD41E41E778BAB008745FF /* UITextField-Demo.app */ = {isa = PBXFileReference; explicitFileType = wrapper.application; includeInIndex = 0; path = "UITextField-Demo.app"; sourceTree = BUILT_PRODUCTS_DIR; };
		84CD41E71E778BAB008745FF /* AppDelegate.swift */ = {isa = PBXFileReference; lastKnownFileType = sourcecode.swift; path = AppDelegate.swift; sourceTree = "<group>"; };
		84CD41E91E778BAB008745FF /* ViewController.swift */ = {isa = PBXFileReference; lastKnownFileType = sourcecode.swift; path = ViewController.swift; sourceTree = "<group>"; };
		84CD41EC1E778BAB008745FF /* Base */ = {isa = PBXFileReference; lastKnownFileType = file.storyboard; name = Base; path = Base.lproj/Main.storyboard; sourceTree = "<group>"; };
		84CD41EE1E778BAB008745FF /* Assets.xcassets */ = {isa = PBXFileReference; lastKnownFileType = folder.assetcatalog; path = Assets.xcassets; sourceTree = "<group>"; };
		84CD41F11E778BAB008745FF /* Base */ = {isa = PBXFileReference; lastKnownFileType = file.storyboard; name = Base; path = Base.lproj/LaunchScreen.storyboard; sourceTree = "<group>"; };
		84CD41F31E778BAB008745FF /* Info.plist */ = {isa = PBXFileReference; lastKnownFileType = text.plist.xml; path = Info.plist; sourceTree = "<group>"; };
		84CD41F91E778C79008745FF /* MyTextField.swift */ = {isa = PBXFileReference; fileEncoding = 4; lastKnownFileType = sourcecode.swift; path = MyTextField.swift; sourceTree = "<group>"; };
/* End PBXFileReference section */

/* Begin PBXFrameworksBuildPhase section */
		84CD41E11E778BAA008745FF /* Frameworks */ = {
			isa = PBXFrameworksBuildPhase;
			buildActionMask = 2147483647;
			files = (
			);
			runOnlyForDeploymentPostprocessing = 0;
		};
/* End PBXFrameworksBuildPhase section */

/* Begin PBXGroup section */
		84CD41DB1E778BAA008745FF = {
			isa = PBXGroup;
			children = (
				84CD41E61E778BAB008745FF /* UITextField-Demo */,
				84CD41E51E778BAB008745FF /* Products */,
			);
			sourceTree = "<group>";
		};
		84CD41E51E778BAB008745FF /* Products */ = {
			isa = PBXGroup;
			children = (
				84CD41E41E778BAB008745FF /* UITextField-Demo.app */,
			);
			name = Products;
			sourceTree = "<group>";
		};
		84CD41E61E778BAB008745FF /* UITextField-Demo */ = {
			isa = PBXGroup;
			children = (
				84CD41E91E778BAB008745FF /* ViewController.swift */,
				84CD41EB1E778BAB008745FF /* Main.storyboard */,
				84CD41F91E778C79008745FF /* MyTextField.swift */,
				84CD41FB1E778CF3008745FF /* Supporting Files */,
			);
			path = "UITextField-Demo";
			sourceTree = "<group>";
		};
		84CD41FB1E778CF3008745FF /* Supporting Files */ = {
			isa = PBXGroup;
			children = (
				84CD41E71E778BAB008745FF /* AppDelegate.swift */,
				84CD41EE1E778BAB008745FF /* Assets.xcassets */,
				84CD41F01E778BAB008745FF /* LaunchScreen.storyboard */,
				84CD41F31E778BAB008745FF /* Info.plist */,
			);
			name = "Supporting Files";
			sourceTree = "<group>";
		};
/* End PBXGroup section */

/* Begin PBXNativeTarget section */
		84CD41E31E778BAA008745FF /* UITextField-Demo */ = {
			isa = PBXNativeTarget;
			buildConfigurationList = 84CD41F61E778BAB008745FF /* Build configuration list for PBXNativeTarget "UITextField-Demo" */;
			buildPhases = (
				84CD41E01E778BAA008745FF /* Sources */,
				84CD41E11E778BAA008745FF /* Frameworks */,
				84CD41E21E778BAA008745FF /* Resources */,
			);
			buildRules = (
			);
			dependencies = (
			);
			name = "UITextField-Demo";
			productName = "UITextField-Demo";
			productReference = 84CD41E41E778BAB008745FF /* UITextField-Demo.app */;
			productType = "com.apple.product-type.application";
		};
/* End PBXNativeTarget section */

/* Begin PBXProject section */
		84CD41DC1E778BAA008745FF /* Project object */ = {
			isa = PBXProject;
			attributes = {
				LastSwiftUpdateCheck = 0820;
				LastUpgradeCheck = 0820;
				ORGANIZATIONNAME = "买明";
				TargetAttributes = {
					84CD41E31E778BAA008745FF = {
						CreatedOnToolsVersion = 8.2.1;
						DevelopmentTeam = LEG7CXMPKJ;
						ProvisioningStyle = Automatic;
					};
				};
			};
			buildConfigurationList = 84CD41DF1E778BAA008745FF /* Build configuration list for PBXProject "UITextField-Demo" */;
			compatibilityVersion = "Xcode 3.2";
			developmentRegion = English;
			hasScannedForEncodings = 0;
			knownRegions = (
				en,
				Base,
			);
			mainGroup = 84CD41DB1E778BAA008745FF;
			productRefGroup = 84CD41E51E778BAB008745FF /* Products */;
			projectDirPath = "";
			projectRoot = "";
			targets = (
				84CD41E31E778BAA008745FF /* UITextField-Demo */,
			);
		};
/* End PBXProject section */

/* Begin PBXResourcesBuildPhase section */
		84CD41E21E778BAA008745FF /* Resources */ = {
			isa = PBXResourcesBuildPhase;
			buildActionMask = 2147483647;
			files = (
				84CD41F21E778BAB008745FF /* LaunchScreen.storyboard in Resources */,
				84CD41EF1E778BAB008745FF /* Assets.xcassets in Resources */,
				84CD41ED1E778BAB008745FF /* Main.storyboard in Resources */,
			);
			runOnlyForDeploymentPostprocessing = 0;
		};
/* End PBXResourcesBuildPhase section */

/* Begin PBXSourcesBuildPhase section */
		84CD41E01E778BAA008745FF /* Sources */ = {
			isa = PBXSourcesBuildPhase;
			buildActionMask = 2147483647;
			files = (
				84CD41FA1E778C79008745FF /* MyTextField.swift in Sources */,
				84CD41EA1E778BAB008745FF /* ViewController.swift in Sources */,
				84CD41E81E778BAB008745FF /* AppDelegate.swift in Sources */,
			);
			runOnlyForDeploymentPostprocessing = 0;
		};
/* End PBXSourcesBuildPhase section */

/* Begin PBXVariantGroup section */
		84CD41EB1E778BAB008745FF /* Main.storyboard */ = {
			isa = PBXVariantGroup;
			children = (
				84CD41EC1E778BAB008745FF /* Base */,
			);
			name = Main.storyboard;
			sourceTree = "<group>";
		};
		84CD41F01E778BAB008745FF /* LaunchScreen.storyboard */ = {
			isa = PBXVariantGroup;
			children = (
				84CD41F11E778BAB008745FF /* Base */,
			);
			name = LaunchScreen.storyboard;
			sourceTree = "<group>";
		};
/* End PBXVariantGroup section */

/* Begin XCBuildConfiguration section */
		84CD41F41E778BAB008745FF /* Debug */ = {
			isa = XCBuildConfiguration;
			buildSettings = {
				ALWAYS_SEARCH_USER_PATHS = NO;
				CLANG_ANALYZER_NONNULL = YES;
				CLANG_CXX_LANGUAGE_STANDARD = "gnu++0x";
				CLANG_CXX_LIBRARY = "libc++";
				CLANG_ENABLE_MODULES = YES;
				CLANG_ENABLE_OBJC_ARC = YES;
				CLANG_WARN_BOOL_CONVERSION = YES;
				CLANG_WARN_CONSTANT_CONVERSION = YES;
				CLANG_WARN_DIRECT_OBJC_ISA_USAGE = YES_ERROR;
				CLANG_WARN_DOCUMENTATION_COMMENTS = YES;
				CLANG_WARN_EMPTY_BODY = YES;
				CLANG_WARN_ENUM_CONVERSION = YES;
				CLANG_WARN_INFINITE_RECURSION = YES;
				CLANG_WARN_INT_CONVERSION = YES;
				CLANG_WARN_OBJC_ROOT_CLASS = YES_ERROR;
				CLANG_WARN_SUSPICIOUS_MOVE = YES;
				CLANG_WARN_UNREACHABLE_CODE = YES;
				CLANG_WARN__DUPLICATE_METHOD_MATCH = YES;
				"CODE_SIGN_IDENTITY[sdk=iphoneos*]" = "iPhone Developer";
				COPY_PHASE_STRIP = NO;
				DEBUG_INFORMATION_FORMAT = dwarf;
				ENABLE_STRICT_OBJC_MSGSEND = YES;
				ENABLE_TESTABILITY = YES;
				GCC_C_LANGUAGE_STANDARD = gnu99;
				GCC_DYNAMIC_NO_PIC = NO;
				GCC_NO_COMMON_BLOCKS = YES;
				GCC_OPTIMIZATION_LEVEL = 0;
				GCC_PREPROCESSOR_DEFINITIONS = (
					"DEBUG=1",
					"$(inherited)",
				);
				GCC_WARN_64_TO_32_BIT_CONVERSION = YES;
				GCC_WARN_ABOUT_RETURN_TYPE = YES_ERROR;
				GCC_WARN_UNDECLARED_SELECTOR = YES;
				GCC_WARN_UNINITIALIZED_AUTOS = YES_AGGRESSIVE;
				GCC_WARN_UNUSED_FUNCTION = YES;
				GCC_WARN_UNUSED_VARIABLE = YES;
				IPHONEOS_DEPLOYMENT_TARGET = 10.2;
				MTL_ENABLE_DEBUG_INFO = YES;
				ONLY_ACTIVE_ARCH = YES;
				SDKROOT = iphoneos;
				SWIFT_ACTIVE_COMPILATION_CONDITIONS = DEBUG;
				SWIFT_OPTIMIZATION_LEVEL = "-Onone";
				TARGETED_DEVICE_FAMILY = "1,2";
			};
			name = Debug;
		};
		84CD41F51E778BAB008745FF /* Release */ = {
			isa = XCBuildConfiguration;
			buildSettings = {
				ALWAYS_SEARCH_USER_PATHS = NO;
				CLANG_ANALYZER_NONNULL = YES;
				CLANG_CXX_LANGUAGE_STANDARD = "gnu++0x";
				CLANG_CXX_LIBRARY = "libc++";
				CLANG_ENABLE_MODULES = YES;
				CLANG_ENABLE_OBJC_ARC = YES;
				CLANG_WARN_BOOL_CONVERSION = YES;
				CLANG_WARN_CONSTANT_CONVERSION = YES;
				CLANG_WARN_DIRECT_OBJC_ISA_USAGE = YES_ERROR;
				CLANG_WARN_DOCUMENTATION_COMMENTS = YES;
				CLANG_WARN_EMPTY_BODY = YES;
				CLANG_WARN_ENUM_CONVERSION = YES;
				CLANG_WARN_INFINITE_RECURSION = YES;
				CLANG_WARN_INT_CONVERSION = YES;
				CLANG_WARN_OBJC_ROOT_CLASS = YES_ERROR;
				CLANG_WARN_SUSPICIOUS_MOVE = YES;
				CLANG_WARN_UNREACHABLE_CODE = YES;
				CLANG_WARN__DUPLICATE_METHOD_MATCH = YES;
				"CODE_SIGN_IDENTITY[sdk=iphoneos*]" = "iPhone Developer";
				COPY_PHASE_STRIP = NO;
				DEBUG_INFORMATION_FORMAT = "dwarf-with-dsym";
				ENABLE_NS_ASSERTIONS = NO;
				ENABLE_STRICT_OBJC_MSGSEND = YES;
				GCC_C_LANGUAGE_STANDARD = gnu99;
				GCC_NO_COMMON_BLOCKS = YES;
				GCC_WARN_64_TO_32_BIT_CONVERSION = YES;
				GCC_WARN_ABOUT_RETURN_TYPE = YES_ERROR;
				GCC_WARN_UNDECLARED_SELECTOR = YES;
				GCC_WARN_UNINITIALIZED_AUTOS = YES_AGGRESSIVE;
				GCC_WARN_UNUSED_FUNCTION = YES;
				GCC_WARN_UNUSED_VARIABLE = YES;
				IPHONEOS_DEPLOYMENT_TARGET = 10.2;
				MTL_ENABLE_DEBUG_INFO = NO;
				SDKROOT = iphoneos;
				SWIFT_OPTIMIZATION_LEVEL = "-Owholemodule";
				TARGETED_DEVICE_FAMILY = "1,2";
				VALIDATE_PRODUCT = YES;
			};
			name = Release;
		};
		84CD41F71E778BAB008745FF /* Debug */ = {
			isa = XCBuildConfiguration;
			buildSettings = {
				ASSETCATALOG_COMPILER_APPICON_NAME = AppIcon;
				DEVELOPMENT_TEAM = LEG7CXMPKJ;
				INFOPLIST_FILE = "UITextField-Demo/Info.plist";
				LD_RUNPATH_SEARCH_PATHS = "$(inherited) @executable_path/Frameworks";
				PRODUCT_BUNDLE_IDENTIFIER = "com.maimieng.UITextField-Demo";
				PRODUCT_NAME = "$(TARGET_NAME)";
				SWIFT_VERSION = 3.0;
			};
			name = Debug;
		};
		84CD41F81E778BAB008745FF /* Release */ = {
			isa = XCBuildConfiguration;
			buildSettings = {
				ASSETCATALOG_COMPILER_APPICON_NAME = AppIcon;
				DEVELOPMENT_TEAM = LEG7CXMPKJ;
				INFOPLIST_FILE = "UITextField-Demo/Info.plist";
				LD_RUNPATH_SEARCH_PATHS = "$(inherited) @executable_path/Frameworks";
				PRODUCT_BUNDLE_IDENTIFIER = "com.maimieng.UITextField-Demo";
				PRODUCT_NAME = "$(TARGET_NAME)";
				SWIFT_VERSION = 3.0;
			};
			name = Release;
		};
/* End XCBuildConfiguration section */

/* Begin XCConfigurationList section */
		84CD41DF1E778BAA008745FF /* Build configuration list for PBXProject "UITextField-Demo" */ = {
			isa = XCConfigurationList;
			buildConfigurations = (
				84CD41F41E778BAB008745FF /* Debug */,
				84CD41F51E778BAB008745FF /* Release */,
			);
			defaultConfigurationIsVisible = 0;
			defaultConfigurationName = Release;
		};
		84CD41F61E778BAB008745FF /* Build configuration list for PBXNativeTarget "UITextField-Demo" */ = {
			isa = XCConfigurationList;
			buildConfigurations = (
				84CD41F71E778BAB008745FF /* Debug */,
				84CD41F81E778BAB008745FF /* Release */,
			);
			defaultConfigurationIsVisible = 0;
		};
/* End XCConfigurationList section */
	};
	rootObject = 84CD41DC1E778BAA008745FF /* Project object */;
}
