// !$*UTF8*$!
{
	archiveVersion = 1;
	classes = {
	};
	objectVersion = 46;
	objects = {

/* Begin PBXBuildFile section */
		84EBD5801E99ECB400CF5D63 /* AppDelegate.swift in Sources */ = {isa = PBXBuildFile; fileRef = 84EBD57F1E99ECB400CF5D63 /* AppDelegate.swift */; };
		84EBD5821E99ECB400CF5D63 /* AsteroidsViewController.swift in Sources */ = {isa = PBXBuildFile; fileRef = 84EBD5811E99ECB400CF5D63 /* AsteroidsViewController.swift */; };
		84EBD5851E99ECB400CF5D63 /* Main.storyboard in Resources */ = {isa = PBXBuildFile; fileRef = 84EBD5831E99ECB400CF5D63 /* Main.storyboard */; };
		84EBD5871E99ECB400CF5D63 /* Assets.xcassets in Resources */ = {isa = PBXBuildFile; fileRef = 84EBD5861E99ECB400CF5D63 /* Assets.xcassets */; };
		84EBD58A1E99ECB400CF5D63 /* LaunchScreen.storyboard in Resources */ = {isa = PBXBuildFile; fileRef = 84EBD5881E99ECB400CF5D63 /* LaunchScreen.storyboard */; };
		84EBD5961E99EE6D00CF5D63 /* AsteroidFieldView.swift in Sources */ = {isa = PBXBuildFile; fileRef = 84EBD5921E99EE6D00CF5D63 /* AsteroidFieldView.swift */; };
		84EBD5971E99EE6D00CF5D63 /* AsteroidView.swift in Sources */ = {isa = PBXBuildFile; fileRef = 84EBD5931E99EE6D00CF5D63 /* AsteroidView.swift */; };
		84EBD5981E99EE6D00CF5D63 /* CoreGraphicsExtensions.swift in Sources */ = {isa = PBXBuildFile; fileRef = 84EBD5941E99EE6D00CF5D63 /* CoreGraphicsExtensions.swift */; };
		84EBD5991E99EE6D00CF5D63 /* SpaceshipView.swift in Sources */ = {isa = PBXBuildFile; fileRef = 84EBD5951E99EE6D00CF5D63 /* SpaceshipView.swift */; };
		84EBD59D1E9A3CC000CF5D63 /* AsteroidBehavior.swift in Sources */ = {isa = PBXBuildFile; fileRef = 84EBD59C1E9A3CC000CF5D63 /* AsteroidBehavior.swift */; };
/* End PBXBuildFile section */

/* Begin PBXFileReference section */
		84EBD57C1E99ECB400CF5D63 /* Asteroids.app */ = {isa = PBXFileReference; explicitFileType = wrapper.application; includeInIndex = 0; path = Asteroids.app; sourceTree = BUILT_PRODUCTS_DIR; };
		84EBD57F1E99ECB400CF5D63 /* AppDelegate.swift */ = {isa = PBXFileReference; lastKnownFileType = sourcecode.swift; path = AppDelegate.swift; sourceTree = "<group>"; };
		84EBD5811E99ECB400CF5D63 /* AsteroidsViewController.swift */ = {isa = PBXFileReference; lastKnownFileType = sourcecode.swift; path = AsteroidsViewController.swift; sourceTree = "<group>"; };
		84EBD5841E99ECB400CF5D63 /* Base */ = {isa = PBXFileReference; lastKnownFileType = file.storyboard; name = Base; path = Base.lproj/Main.storyboard; sourceTree = "<group>"; };
		84EBD5861E99ECB400CF5D63 /* Assets.xcassets */ = {isa = PBXFileReference; lastKnownFileType = folder.assetcatalog; path = Assets.xcassets; sourceTree = "<group>"; };
		84EBD5891E99ECB400CF5D63 /* Base */ = {isa = PBXFileReference; lastKnownFileType = file.storyboard; name = Base; path = Base.lproj/LaunchScreen.storyboard; sourceTree = "<group>"; };
		84EBD58B1E99ECB400CF5D63 /* Info.plist */ = {isa = PBXFileReference; lastKnownFileType = text.plist.xml; path = Info.plist; sourceTree = "<group>"; };
		84EBD5921E99EE6D00CF5D63 /* AsteroidFieldView.swift */ = {isa = PBXFileReference; fileEncoding = 4; lastKnownFileType = sourcecode.swift; path = AsteroidFieldView.swift; sourceTree = "<group>"; };
		84EBD5931E99EE6D00CF5D63 /* AsteroidView.swift */ = {isa = PBXFileReference; fileEncoding = 4; lastKnownFileType = sourcecode.swift; path = AsteroidView.swift; sourceTree = "<group>"; };
		84EBD5941E99EE6D00CF5D63 /* CoreGraphicsExtensions.swift */ = {isa = PBXFileReference; fileEncoding = 4; lastKnownFileType = sourcecode.swift; path = CoreGraphicsExtensions.swift; sourceTree = "<group>"; };
		84EBD5951E99EE6D00CF5D63 /* SpaceshipView.swift */ = {isa = PBXFileReference; fileEncoding = 4; lastKnownFileType = sourcecode.swift; path = SpaceshipView.swift; sourceTree = "<group>"; };
		84EBD59C1E9A3CC000CF5D63 /* AsteroidBehavior.swift */ = {isa = PBXFileReference; fileEncoding = 4; lastKnownFileType = sourcecode.swift; path = AsteroidBehavior.swift; sourceTree = "<group>"; };
/* End PBXFileReference section */

/* Begin PBXFrameworksBuildPhase section */
		84EBD5791E99ECB400CF5D63 /* Frameworks */ = {
			isa = PBXFrameworksBuildPhase;
			buildActionMask = 2147483647;
			files = (
			);
			runOnlyForDeploymentPostprocessing = 0;
		};
/* End PBXFrameworksBuildPhase section */

/* Begin PBXGroup section */
		84EBD5731E99ECB400CF5D63 = {
			isa = PBXGroup;
			children = (
				84EBD57E1E99ECB400CF5D63 /* Asteroids */,
				84EBD57D1E99ECB400CF5D63 /* Products */,
			);
			sourceTree = "<group>";
		};
		84EBD57D1E99ECB400CF5D63 /* Products */ = {
			isa = PBXGroup;
			children = (
				84EBD57C1E99ECB400CF5D63 /* Asteroids.app */,
			);
			name = Products;
			sourceTree = "<group>";
		};
		84EBD57E1E99ECB400CF5D63 /* Asteroids */ = {
			isa = PBXGroup;
			children = (
				84EBD5831E99ECB400CF5D63 /* Main.storyboard */,
				84EBD5811E99ECB400CF5D63 /* AsteroidsViewController.swift */,
				84EBD5921E99EE6D00CF5D63 /* AsteroidFieldView.swift */,
				84EBD59C1E9A3CC000CF5D63 /* AsteroidBehavior.swift */,
				84EBD5911E99ECBF00CF5D63 /* Supporting Files */,
			);
			path = Asteroids;
			sourceTree = "<group>";
		};
		84EBD5911E99ECBF00CF5D63 /* Supporting Files */ = {
			isa = PBXGroup;
			children = (
				84EBD57F1E99ECB400CF5D63 /* AppDelegate.swift */,
				84EBD5931E99EE6D00CF5D63 /* AsteroidView.swift */,
				84EBD5951E99EE6D00CF5D63 /* SpaceshipView.swift */,
				84EBD5941E99EE6D00CF5D63 /* CoreGraphicsExtensions.swift */,
				84EBD5861E99ECB400CF5D63 /* Assets.xcassets */,
				84EBD5881E99ECB400CF5D63 /* LaunchScreen.storyboard */,
				84EBD58B1E99ECB400CF5D63 /* Info.plist */,
			);
			name = "Supporting Files";
			sourceTree = "<group>";
		};
/* End PBXGroup section */

/* Begin PBXNativeTarget section */
		84EBD57B1E99ECB400CF5D63 /* Asteroids */ = {
			isa = PBXNativeTarget;
			buildConfigurationList = 84EBD58E1E99ECB400CF5D63 /* Build configuration list for PBXNativeTarget "Asteroids" */;
			buildPhases = (
				84EBD5781E99ECB400CF5D63 /* Sources */,
				84EBD5791E99ECB400CF5D63 /* Frameworks */,
				84EBD57A1E99ECB400CF5D63 /* Resources */,
			);
			buildRules = (
			);
			dependencies = (
			);
			name = Asteroids;
			productName = Asteroids;
			productReference = 84EBD57C1E99ECB400CF5D63 /* Asteroids.app */;
			productType = "com.apple.product-type.application";
		};
/* End PBXNativeTarget section */

/* Begin PBXProject section */
		84EBD5741E99ECB400CF5D63 /* Project object */ = {
			isa = PBXProject;
			attributes = {
				LastSwiftUpdateCheck = 0830;
				LastUpgradeCheck = 0830;
				ORGANIZATIONNAME = "买明";
				TargetAttributes = {
					84EBD57B1E99ECB400CF5D63 = {
						CreatedOnToolsVersion = 8.3.1;
						DevelopmentTeam = LEG7CXMPKJ;
						ProvisioningStyle = Automatic;
					};
				};
			};
			buildConfigurationList = 84EBD5771E99ECB400CF5D63 /* Build configuration list for PBXProject "Asteroids" */;
			compatibilityVersion = "Xcode 3.2";
			developmentRegion = English;
			hasScannedForEncodings = 0;
			knownRegions = (
				en,
				Base,
			);
			mainGroup = 84EBD5731E99ECB400CF5D63;
			productRefGroup = 84EBD57D1E99ECB400CF5D63 /* Products */;
			projectDirPath = "";
			projectRoot = "";
			targets = (
				84EBD57B1E99ECB400CF5D63 /* Asteroids */,
			);
		};
/* End PBXProject section */

/* Begin PBXResourcesBuildPhase section */
		84EBD57A1E99ECB400CF5D63 /* Resources */ = {
			isa = PBXResourcesBuildPhase;
			buildActionMask = 2147483647;
			files = (
				84EBD58A1E99ECB400CF5D63 /* LaunchScreen.storyboard in Resources */,
				84EBD5871E99ECB400CF5D63 /* Assets.xcassets in Resources */,
				84EBD5851E99ECB400CF5D63 /* Main.storyboard in Resources */,
			);
			runOnlyForDeploymentPostprocessing = 0;
		};
/* End PBXResourcesBuildPhase section */

/* Begin PBXSourcesBuildPhase section */
		84EBD5781E99ECB400CF5D63 /* Sources */ = {
			isa = PBXSourcesBuildPhase;
			buildActionMask = 2147483647;
			files = (
				84EBD5821E99ECB400CF5D63 /* AsteroidsViewController.swift in Sources */,
				84EBD5801E99ECB400CF5D63 /* AppDelegate.swift in Sources */,
				84EBD5961E99EE6D00CF5D63 /* AsteroidFieldView.swift in Sources */,
				84EBD5981E99EE6D00CF5D63 /* CoreGraphicsExtensions.swift in Sources */,
				84EBD5971E99EE6D00CF5D63 /* AsteroidView.swift in Sources */,
				84EBD59D1E9A3CC000CF5D63 /* AsteroidBehavior.swift in Sources */,
				84EBD5991E99EE6D00CF5D63 /* SpaceshipView.swift in Sources */,
			);
			runOnlyForDeploymentPostprocessing = 0;
		};
/* End PBXSourcesBuildPhase section */

/* Begin PBXVariantGroup section */
		84EBD5831E99ECB400CF5D63 /* Main.storyboard */ = {
			isa = PBXVariantGroup;
			children = (
				84EBD5841E99ECB400CF5D63 /* Base */,
			);
			name = Main.storyboard;
			sourceTree = "<group>";
		};
		84EBD5881E99ECB400CF5D63 /* LaunchScreen.storyboard */ = {
			isa = PBXVariantGroup;
			children = (
				84EBD5891E99ECB400CF5D63 /* Base */,
			);
			name = LaunchScreen.storyboard;
			sourceTree = "<group>";
		};
/* End PBXVariantGroup section */

/* Begin XCBuildConfiguration section */
		84EBD58C1E99ECB400CF5D63 /* Debug */ = {
			isa = XCBuildConfiguration;
			buildSettings = {
				ALWAYS_SEARCH_USER_PATHS = NO;
				CLANG_ANALYZER_NONNULL = YES;
				CLANG_ANALYZER_NUMBER_OBJECT_CONVERSION = YES_AGGRESSIVE;
				CLANG_CXX_LANGUAGE_STANDARD = "gnu++0x";
				CLANG_CXX_LIBRARY = "libc++";
				CLANG_ENABLE_MODULES = YES;
				CLANG_ENABLE_OBJC_ARC = YES;
				CLANG_WARN_BOOL_CONVERSION = YES;
				CLANG_WARN_CONSTANT_CONVERSION = YES;
				CLANG_WARN_DIRECT_OBJC_ISA_USAGE = YES_ERROR;
				CLANG_WARN_DOCUMENTATION_COMMENTS = YES;
				CLANG_WARN_EMPTY_BODY = YES;
				CLANG_WARN_ENUM_CONVERSION = YES;
				CLANG_WARN_INFINITE_RECURSION = YES;
				CLANG_WARN_INT_CONVERSION = YES;
				CLANG_WARN_OBJC_ROOT_CLASS = YES_ERROR;
				CLANG_WARN_SUSPICIOUS_MOVE = YES;
				CLANG_WARN_UNREACHABLE_CODE = YES;
				CLANG_WARN__DUPLICATE_METHOD_MATCH = YES;
				"CODE_SIGN_IDENTITY[sdk=iphoneos*]" = "iPhone Developer";
				COPY_PHASE_STRIP = NO;
				DEBUG_INFORMATION_FORMAT = dwarf;
				ENABLE_STRICT_OBJC_MSGSEND = YES;
				ENABLE_TESTABILITY = YES;
				GCC_C_LANGUAGE_STANDARD = gnu99;
				GCC_DYNAMIC_NO_PIC = NO;
				GCC_NO_COMMON_BLOCKS = YES;
				GCC_OPTIMIZATION_LEVEL = 0;
				GCC_PREPROCESSOR_DEFINITIONS = (
					"DEBUG=1",
					"$(inherited)",
				);
				GCC_WARN_64_TO_32_BIT_CONVERSION = YES;
				GCC_WARN_ABOUT_RETURN_TYPE = YES_ERROR;
				GCC_WARN_UNDECLARED_SELECTOR = YES;
				GCC_WARN_UNINITIALIZED_AUTOS = YES_AGGRESSIVE;
				GCC_WARN_UNUSED_FUNCTION = YES;
				GCC_WARN_UNUSED_VARIABLE = YES;
				IPHONEOS_DEPLOYMENT_TARGET = 10.3;
				MTL_ENABLE_DEBUG_INFO = YES;
				ONLY_ACTIVE_ARCH = YES;
				SDKROOT = iphoneos;
				SWIFT_ACTIVE_COMPILATION_CONDITIONS = DEBUG;
				SWIFT_OPTIMIZATION_LEVEL = "-Onone";
				TARGETED_DEVICE_FAMILY = "1,2";
			};
			name = Debug;
		};
		84EBD58D1E99ECB400CF5D63 /* Release */ = {
			isa = XCBuildConfiguration;
			buildSettings = {
				ALWAYS_SEARCH_USER_PATHS = NO;
				CLANG_ANALYZER_NONNULL = YES;
				CLANG_ANALYZER_NUMBER_OBJECT_CONVERSION = YES_AGGRESSIVE;
				CLANG_CXX_LANGUAGE_STANDARD = "gnu++0x";
				CLANG_CXX_LIBRARY = "libc++";
				CLANG_ENABLE_MODULES = YES;
				CLANG_ENABLE_OBJC_ARC = YES;
				CLANG_WARN_BOOL_CONVERSION = YES;
				CLANG_WARN_CONSTANT_CONVERSION = YES;
				CLANG_WARN_DIRECT_OBJC_ISA_USAGE = YES_ERROR;
				CLANG_WARN_DOCUMENTATION_COMMENTS = YES;
				CLANG_WARN_EMPTY_BODY = YES;
				CLANG_WARN_ENUM_CONVERSION = YES;
				CLANG_WARN_INFINITE_RECURSION = YES;
				CLANG_WARN_INT_CONVERSION = YES;
				CLANG_WARN_OBJC_ROOT_CLASS = YES_ERROR;
				CLANG_WARN_SUSPICIOUS_MOVE = YES;
				CLANG_WARN_UNREACHABLE_CODE = YES;
				CLANG_WARN__DUPLICATE_METHOD_MATCH = YES;
				"CODE_SIGN_IDENTITY[sdk=iphoneos*]" = "iPhone Developer";
				COPY_PHASE_STRIP = NO;
				DEBUG_INFORMATION_FORMAT = "dwarf-with-dsym";
				ENABLE_NS_ASSERTIONS = NO;
				ENABLE_STRICT_OBJC_MSGSEND = YES;
				GCC_C_LANGUAGE_STANDARD = gnu99;
				GCC_NO_COMMON_BLOCKS = YES;
				GCC_WARN_64_TO_32_BIT_CONVERSION = YES;
				GCC_WARN_ABOUT_RETURN_TYPE = YES_ERROR;
				GCC_WARN_UNDECLARED_SELECTOR = YES;
				GCC_WARN_UNINITIALIZED_AUTOS = YES_AGGRESSIVE;
				GCC_WARN_UNUSED_FUNCTION = YES;
				GCC_WARN_UNUSED_VARIABLE = YES;
				IPHONEOS_DEPLOYMENT_TARGET = 10.3;
				MTL_ENABLE_DEBUG_INFO = NO;
				SDKROOT = iphoneos;
				SWIFT_OPTIMIZATION_LEVEL = "-Owholemodule";
				TARGETED_DEVICE_FAMILY = "1,2";
				VALIDATE_PRODUCT = YES;
			};
			name = Release;
		};
		84EBD58F1E99ECB400CF5D63 /* Debug */ = {
			isa = XCBuildConfiguration;
			buildSettings = {
				ASSETCATALOG_COMPILER_APPICON_NAME = AppIcon;
				DEVELOPMENT_TEAM = LEG7CXMPKJ;
				INFOPLIST_FILE = Asteroids/Info.plist;
				LD_RUNPATH_SEARCH_PATHS = "$(inherited) @executable_path/Frameworks";
				PRODUCT_BUNDLE_IDENTIFIER = com.maimieng.Asteroids;
				PRODUCT_NAME = "$(TARGET_NAME)";
				SWIFT_VERSION = 3.0;
			};
			name = Debug;
		};
		84EBD5901E99ECB400CF5D63 /* Release */ = {
			isa = XCBuildConfiguration;
			buildSettings = {
				ASSETCATALOG_COMPILER_APPICON_NAME = AppIcon;
				DEVELOPMENT_TEAM = LEG7CXMPKJ;
				INFOPLIST_FILE = Asteroids/Info.plist;
				LD_RUNPATH_SEARCH_PATHS = "$(inherited) @executable_path/Frameworks";
				PRODUCT_BUNDLE_IDENTIFIER = com.maimieng.Asteroids;
				PRODUCT_NAME = "$(TARGET_NAME)";
				SWIFT_VERSION = 3.0;
			};
			name = Release;
		};
/* End XCBuildConfiguration section */

/* Begin XCConfigurationList section */
		84EBD5771E99ECB400CF5D63 /* Build configuration list for PBXProject "Asteroids" */ = {
			isa = XCConfigurationList;
			buildConfigurations = (
				84EBD58C1E99ECB400CF5D63 /* Debug */,
				84EBD58D1E99ECB400CF5D63 /* Release */,
			);
			defaultConfigurationIsVisible = 0;
			defaultConfigurationName = Release;
		};
		84EBD58E1E99ECB400CF5D63 /* Build configuration list for PBXNativeTarget "Asteroids" */ = {
			isa = XCConfigurationList;
			buildConfigurations = (
				84EBD58F1E99ECB400CF5D63 /* Debug */,
				84EBD5901E99ECB400CF5D63 /* Release */,
			);
			defaultConfigurationIsVisible = 0;
		};
/* End XCConfigurationList section */
	};
	rootObject = 84EBD5741E99ECB400CF5D63 /* Project object */;
}
